
Microsoft Visual Studio Solution File, Format Version 12.00
# Visual Studio Version 16
VisualStudioVersion = 16.0.31829.152
MinimumVisualStudioVersion = 10.0.40219.1
Project("{FAE04EC0-301F-11D3-BF4B-00C04F79EFBC}") = "Dice Game", "Dice Game.csproj", "{20A54A1B-8E5B-45AB-B596-A15EFA342501}"
EndProject
Global
	GlobalSection(SolutionConfigurationPlatforms) = preSolution
		Debug|Any CPU = Debug|Any CPU
		Release|Any CPU = Release|Any CPU
	EndGlobalSection
	GlobalSection(ProjectConfigurationPlatforms) = postSolution
		{20A54A1B-8E5B-45AB-B596-A15EFA342501}.Debug|Any CPU.ActiveCfg = Debug|Any CPU
		{20A54A1B-8E5B-45AB-B596-A15EFA342501}.Debug|Any CPU.Build.0 = Debug|Any CPU
		{20A54A1B-8E5B-45AB-B596-A15EFA342501}.Release|Any CPU.ActiveCfg = Release|Any CPU
		{20A54A1B-8E5B-45AB-B596-A15EFA342501}.Release|Any CPU.Build.0 = Release|Any CPU
	EndGlobalSection
	GlobalSection(SolutionProperties) = preSolution
		HideSolutionNode = FALSE
	EndGlobalSection
	GlobalSection(ExtensibilityGlobals) = postSolution
		SolutionGuid = {A5DB7D1E-DFF0-463A-8DC1-D0AE5B89627D}
	EndGlobalSection
EndGlobal
